
Microsoft Visual Studio Solution File, Format Version 12.00
# Visual Studio Version 16
VisualStudioVersion = 16.0.29613.14
MinimumVisualStudioVersion = 10.0.40219.1
Project("{FAE04EC0-301F-11D3-BF4B-00C04F79EFBC}") = "Elemental", "Elemental\Elemental.csproj", "{0A32DF32-6FC1-4159-A25F-D5390677DADC}"
EndProject
Global
	GlobalSection(SolutionConfigurationPlatforms) = preSolution
		Debug|Any CPU = Debug|Any CPU
		Release|Any CPU = Release|Any CPU
	EndGlobalSection
	GlobalSection(ProjectConfigurationPlatforms) = postSolution
		{0A32DF32-6FC1-4159-A25F-D5390677DADC}.Debug|Any CPU.ActiveCfg = Debug|Any CPU
		{0A32DF32-6FC1-4159-A25F-D5390677DADC}.Debug|Any CPU.Build.0 = Debug|Any CPU
		{0A32DF32-6FC1-4159-A25F-D5390677DADC}.Release|Any CPU.ActiveCfg = Release|Any CPU
		{0A32DF32-6FC1-4159-A25F-D5390677DADC}.Release|Any CPU.Build.0 = Release|Any CPU
	EndGlobalSection
	GlobalSection(SolutionProperties) = preSolution
		HideSolutionNode = FALSE
	EndGlobalSection
	GlobalSection(ExtensibilityGlobals) = postSolution
		SolutionGuid = {042908AB-F765-4F0F-85CF-7212674A9FCC}
	EndGlobalSection
EndGlobal
